
Microsoft Visual Studio Solution File, Format Version 12.00
# Visual Studio Version 17
VisualStudioVersion = 17.11.35431.28
MinimumVisualStudioVersion = 10.0.40219.1
Project("{8BC9CEB8-8B4A-11D0-8D11-00A0C91BC942}") = "ejercicio_3b_ganar_play-off_local", "ejercicio_3b_ganar_play-off_local.vcxproj", "{7E17A092-10BF-46F8-92AB-88CBEF25F35B}"
EndProject
Global
	GlobalSection(SolutionConfigurationPlatforms) = preSolution
		Debug|x64 = Debug|x64
		Debug|x86 = Debug|x86
		Release|x64 = Release|x64
		Release|x86 = Release|x86
	EndGlobalSection
	GlobalSection(ProjectConfigurationPlatforms) = postSolution
		{7E17A092-10BF-46F8-92AB-88CBEF25F35B}.Debug|x64.ActiveCfg = Debug|x64
		{7E17A092-10BF-46F8-92AB-88CBEF25F35B}.Debug|x64.Build.0 = Debug|x64
		{7E17A092-10BF-46F8-92AB-88CBEF25F35B}.Debug|x86.ActiveCfg = Debug|Win32
		{7E17A092-10BF-46F8-92AB-88CBEF25F35B}.Debug|x86.Build.0 = Debug|Win32
		{7E17A092-10BF-46F8-92AB-88CBEF25F35B}.Release|x64.ActiveCfg = Release|x64
		{7E17A092-10BF-46F8-92AB-88CBEF25F35B}.Release|x64.Build.0 = Release|x64
		{7E17A092-10BF-46F8-92AB-88CBEF25F35B}.Release|x86.ActiveCfg = Release|Win32
		{7E17A092-10BF-46F8-92AB-88CBEF25F35B}.Release|x86.Build.0 = Release|Win32
	EndGlobalSection
	GlobalSection(SolutionProperties) = preSolution
		HideSolutionNode = FALSE
	EndGlobalSection
	GlobalSection(ExtensibilityGlobals) = postSolution
		SolutionGuid = {DC3459D8-307C-4351-B589-2D9F6F480483}
	EndGlobalSection
EndGlobal
